// !$*UTF8*$!
{
	archiveVersion = 1;
	classes = {
	};
	objectVersion = 46;
	objects = {

/* Begin PBXBuildFile section */
		562C01E4167F8BCA00706EE3 /* AFHTTPClient.m in Sources */ = {isa = PBXBuildFile; fileRef = 562C01D2167F8BCA00706EE3 /* AFHTTPClient.m */; };
		562C01E5167F8BCA00706EE3 /* AFHTTPRequestOperation.m in Sources */ = {isa = PBXBuildFile; fileRef = 562C01D4167F8BCA00706EE3 /* AFHTTPRequestOperation.m */; };
		562C01E6167F8BCA00706EE3 /* AFImageRequestOperation.m in Sources */ = {isa = PBXBuildFile; fileRef = 562C01D6167F8BCA00706EE3 /* AFImageRequestOperation.m */; };
		562C01E7167F8BCA00706EE3 /* AFJSONRequestOperation.m in Sources */ = {isa = PBXBuildFile; fileRef = 562C01D8167F8BCA00706EE3 /* AFJSONRequestOperation.m */; };
		562C01E8167F8BCA00706EE3 /* AFNetworkActivityIndicatorManager.m in Sources */ = {isa = PBXBuildFile; fileRef = 562C01DA167F8BCA00706EE3 /* AFNetworkActivityIndicatorManager.m */; };
		562C01E9167F8BCA00706EE3 /* AFPropertyListRequestOperation.m in Sources */ = {isa = PBXBuildFile; fileRef = 562C01DD167F8BCA00706EE3 /* AFPropertyListRequestOperation.m */; };
		562C01EA167F8BCA00706EE3 /* AFURLConnectionOperation.m in Sources */ = {isa = PBXBuildFile; fileRef = 562C01DF167F8BCA00706EE3 /* AFURLConnectionOperation.m */; };
		562C01EB167F8BCA00706EE3 /* AFXMLRequestOperation.m in Sources */ = {isa = PBXBuildFile; fileRef = 562C01E1167F8BCA00706EE3 /* AFXMLRequestOperation.m */; };
		562C01EC167F8BCA00706EE3 /* UIImageView+AFNetworking.m in Sources */ = {isa = PBXBuildFile; fileRef = 562C01E3167F8BCA00706EE3 /* UIImageView+AFNetworking.m */; };
		563A4AAF1684EC3F004B0DE6 /* PPrYvApiClient.m in Sources */ = {isa = PBXBuildFile; fileRef = 563A4AAE1684EC3F004B0DE6 /* PPrYvApiClient.m */; };
		5655188C167E7463006FE2A2 /* MobileCoreServices.framework in Frameworks */ = {isa = PBXBuildFile; fileRef = 5655188B167E7463006FE2A2 /* MobileCoreServices.framework */; };
		5661E077168F042000687046 /* User.m in Sources */ = {isa = PBXBuildFile; fileRef = 5661E076168F042000687046 /* User.m */; };
		568242E91670AAD90032489E /* UIKit.framework in Frameworks */ = {isa = PBXBuildFile; fileRef = 568242E81670AAD90032489E /* UIKit.framework */; };
		568242EB1670AAD90032489E /* Foundation.framework in Frameworks */ = {isa = PBXBuildFile; fileRef = 568242EA1670AAD90032489E /* Foundation.framework */; };
		568242ED1670AAD90032489E /* CoreGraphics.framework in Frameworks */ = {isa = PBXBuildFile; fileRef = 568242EC1670AAD90032489E /* CoreGraphics.framework */; };
		568242EF1670AAD90032489E /* CoreData.framework in Frameworks */ = {isa = PBXBuildFile; fileRef = 568242EE1670AAD90032489E /* CoreData.framework */; };
		568242F51670AAD90032489E /* InfoPlist.strings in Resources */ = {isa = PBXBuildFile; fileRef = 568242F31670AAD90032489E /* InfoPlist.strings */; };
		568242FD1670AAD90032489E /* Default.png in Resources */ = {isa = PBXBuildFile; fileRef = 568242FC1670AAD90032489E /* Default.png */; };
		568242FF1670AAD90032489E /* Default@2x.png in Resources */ = {isa = PBXBuildFile; fileRef = 568242FE1670AAD90032489E /* Default@2x.png */; };
		568243011670AAD90032489E /* Default-568h@2x.png in Resources */ = {isa = PBXBuildFile; fileRef = 568243001670AAD90032489E /* Default-568h@2x.png */; };
		568243041670AAD90032489E /* ATPrYv.xcdatamodeld in Sources */ = {isa = PBXBuildFile; fileRef = 568243021670AAD90032489E /* ATPrYv.xcdatamodeld */; };
		568243131670B1200032489E /* CoreLocation.framework in Frameworks */ = {isa = PBXBuildFile; fileRef = 568243121670B1200032489E /* CoreLocation.framework */; };
		568243171670B2490032489E /* PPrYvMapViewController.m in Sources */ = {isa = PBXBuildFile; fileRef = 568243151670B2490032489E /* PPrYvMapViewController.m */; };
		568243181670B2490032489E /* PPrYvMapViewController~ipad.xib in Resources */ = {isa = PBXBuildFile; fileRef = 568243161670B2490032489E /* PPrYvMapViewController~ipad.xib */; };
		5682431A1670B2840032489E /* PPrYvMapViewController~iphone.xib in Resources */ = {isa = PBXBuildFile; fileRef = 568243191670B2840032489E /* PPrYvMapViewController~iphone.xib */; };
		568243211670C8880032489E /* Localizable.strings in Resources */ = {isa = PBXBuildFile; fileRef = 568243231670C8880032489E /* Localizable.strings */; };
		568243341670DAD40032489E /* MapKit.framework in Frameworks */ = {isa = PBXBuildFile; fileRef = 568243331670DAD40032489E /* MapKit.framework */; };
		5682434B1670FAB00032489E /* SystemConfiguration.framework in Frameworks */ = {isa = PBXBuildFile; fileRef = 5682434A1670FAAF0032489E /* SystemConfiguration.framework */; };
		56B1651516B132D700C0530D /* mapPoint.png in Resources */ = {isa = PBXBuildFile; fileRef = 56B1651316B132D700C0530D /* mapPoint.png */; };
		56B1651616B132D700C0530D /* mapPoint@2x.png in Resources */ = {isa = PBXBuildFile; fileRef = 56B1651416B132D700C0530D /* mapPoint@2x.png */; };
		56B1652616B1809000C0530D /* PPrYvPointAnnotation.m in Sources */ = {isa = PBXBuildFile; fileRef = 56B1652516B1809000C0530D /* PPrYvPointAnnotation.m */; };
		56B4813F1694DD3E006529EB /* PPrYvAppDelegate.m in Sources */ = {isa = PBXBuildFile; fileRef = 56B4813E1694DD3E006529EB /* PPrYvAppDelegate.m */; };
		56B481411694F56D006529EB /* main.m in Sources */ = {isa = PBXBuildFile; fileRef = 56B481401694F56D006529EB /* main.m */; };
		56F665501679D46C00E85921 /* PPrYvOpenUDID.m in Sources */ = {isa = PBXBuildFile; fileRef = 56F6654F1679D46C00E85921 /* PPrYvOpenUDID.m */; settings = {COMPILER_FLAGS = "-fno-objc-arc"; }; };
		56F6655C167A464100E85921 /* PPrYvSettingViewController.m in Sources */ = {isa = PBXBuildFile; fileRef = 56F6655A167A464100E85921 /* PPrYvSettingViewController.m */; };
		56F6655D167A464100E85921 /* PPrYvSettingViewController~ipad.xib in Resources */ = {isa = PBXBuildFile; fileRef = 56F6655B167A464100E85921 /* PPrYvSettingViewController~ipad.xib */; };
		56F6655F167A467F00E85921 /* PPrYvSettingViewController~iphone.xib in Resources */ = {isa = PBXBuildFile; fileRef = 56F6655E167A467F00E85921 /* PPrYvSettingViewController~iphone.xib */; };
		56F66561167B1F3000E85921 /* AssetsLibrary.framework in Frameworks */ = {isa = PBXBuildFile; fileRef = 56F66560167B1F2F00E85921 /* AssetsLibrary.framework */; };
		56F6656A167B223F00E85921 /* QuartzCore.framework in Frameworks */ = {isa = PBXBuildFile; fileRef = 56F66569167B223F00E85921 /* QuartzCore.framework */; };
		56FEF97116B2A858008A5948 /* pinPryv.png in Resources */ = {isa = PBXBuildFile; fileRef = 56FEF97016B2A858008A5948 /* pinPryv.png */; };
		56FEF97316B2A85D008A5948 /* pinPryv@2x.png in Resources */ = {isa = PBXBuildFile; fileRef = 56FEF97216B2A85D008A5948 /* pinPryv@2x.png */; };
		56FEF97A16B2D651008A5948 /* UIView+Helpers.m in Sources */ = {isa = PBXBuildFile; fileRef = 56FEF97916B2D651008A5948 /* UIView+Helpers.m */; };
		B0BC944E83AD3B9686C8D0E6 /* PPrYvCoreDataManager.m in Sources */ = {isa = PBXBuildFile; fileRef = B0BC9EFF2D2FC7B9083F96DE /* PPrYvCoreDataManager.m */; };
		B0BC984BAE50FB9689136891 /* Folder.m in Sources */ = {isa = PBXBuildFile; fileRef = B0BC9658EA8BCF1AFA48E480 /* Folder.m */; };
		B0BC9A3D4A42964FA67D3509 /* User+Extras.m in Sources */ = {isa = PBXBuildFile; fileRef = B0BC92B64FF7716BCD041ABA /* User+Extras.m */; };
		B0BC9D46016E06E0A57B0FFB /* PPrYvPositionEventSender.m in Sources */ = {isa = PBXBuildFile; fileRef = B0BC90B3350DCFDA7A78E71D /* PPrYvPositionEventSender.m */; };
		B0BC9F98C453AD2A9CE910CC /* PositionEvent+Extras.m in Sources */ = {isa = PBXBuildFile; fileRef = B0BC99D3D5E7BAFA04138629 /* PositionEvent+Extras.m */; };
		B0BC9FFECB2A58D811E6DD32 /* EventAttachment.m in Sources */ = {isa = PBXBuildFile; fileRef = B0BC98051DFCC4C483C0AF9C /* EventAttachment.m */; };
		FB2BC95D169E3A1D007649F5 /* PositionEvent.m in Sources */ = {isa = PBXBuildFile; fileRef = FB2BC95C169E3A1D007649F5 /* PositionEvent.m */; };
		FB5F77BF169AE2DE00585D11 /* PPrYvLocationManager.m in Sources */ = {isa = PBXBuildFile; fileRef = FB5F77BE169AE2DE00585D11 /* PPrYvLocationManager.m */; };
		FB6D93CF16EE2353008F4D35 /* PPrYvWebLoginViewController.m in Sources */ = {isa = PBXBuildFile; fileRef = FB6D93CD16EE2353008F4D35 /* PPrYvWebLoginViewController.m */; };
		FB6D93D016EE2353008F4D35 /* PPrYvWebLoginViewController~iphone.xib in Resources */ = {isa = PBXBuildFile; fileRef = FB6D93CE16EE2353008F4D35 /* PPrYvWebLoginViewController~iphone.xib */; };
		FB6D93D216EF5D1B008F4D35 /* PPrYvWebLoginViewController~ipad.xib in Resources */ = {isa = PBXBuildFile; fileRef = FB6D93D116EF5D1B008F4D35 /* PPrYvWebLoginViewController~ipad.xib */; };
/* End PBXBuildFile section */

/* Begin PBXFileReference section */
		562C01D1167F8BCA00706EE3 /* AFHTTPClient.h */ = {isa = PBXFileReference; fileEncoding = 4; lastKnownFileType = sourcecode.c.h; path = AFHTTPClient.h; sourceTree = "<group>"; };
		562C01D2167F8BCA00706EE3 /* AFHTTPClient.m */ = {isa = PBXFileReference; fileEncoding = 4; lastKnownFileType = sourcecode.c.objc; path = AFHTTPClient.m; sourceTree = "<group>"; };
		562C01D3167F8BCA00706EE3 /* AFHTTPRequestOperation.h */ = {isa = PBXFileReference; fileEncoding = 4; lastKnownFileType = sourcecode.c.h; path = AFHTTPRequestOperation.h; sourceTree = "<group>"; };
		562C01D4167F8BCA00706EE3 /* AFHTTPRequestOperation.m */ = {isa = PBXFileReference; fileEncoding = 4; lastKnownFileType = sourcecode.c.objc; path = AFHTTPRequestOperation.m; sourceTree = "<group>"; };
		562C01D5167F8BCA00706EE3 /* AFImageRequestOperation.h */ = {isa = PBXFileReference; fileEncoding = 4; lastKnownFileType = sourcecode.c.h; path = AFImageRequestOperation.h; sourceTree = "<group>"; };
		562C01D6167F8BCA00706EE3 /* AFImageRequestOperation.m */ = {isa = PBXFileReference; fileEncoding = 4; lastKnownFileType = sourcecode.c.objc; path = AFImageRequestOperation.m; sourceTree = "<group>"; };
		562C01D7167F8BCA00706EE3 /* AFJSONRequestOperation.h */ = {isa = PBXFileReference; fileEncoding = 4; lastKnownFileType = sourcecode.c.h; path = AFJSONRequestOperation.h; sourceTree = "<group>"; };
		562C01D8167F8BCA00706EE3 /* AFJSONRequestOperation.m */ = {isa = PBXFileReference; fileEncoding = 4; lastKnownFileType = sourcecode.c.objc; path = AFJSONRequestOperation.m; sourceTree = "<group>"; };
		562C01D9167F8BCA00706EE3 /* AFNetworkActivityIndicatorManager.h */ = {isa = PBXFileReference; fileEncoding = 4; lastKnownFileType = sourcecode.c.h; path = AFNetworkActivityIndicatorManager.h; sourceTree = "<group>"; };
		562C01DA167F8BCA00706EE3 /* AFNetworkActivityIndicatorManager.m */ = {isa = PBXFileReference; fileEncoding = 4; lastKnownFileType = sourcecode.c.objc; path = AFNetworkActivityIndicatorManager.m; sourceTree = "<group>"; };
		562C01DB167F8BCA00706EE3 /* AFNetworking.h */ = {isa = PBXFileReference; fileEncoding = 4; lastKnownFileType = sourcecode.c.h; path = AFNetworking.h; sourceTree = "<group>"; };
		562C01DC167F8BCA00706EE3 /* AFPropertyListRequestOperation.h */ = {isa = PBXFileReference; fileEncoding = 4; lastKnownFileType = sourcecode.c.h; path = AFPropertyListRequestOperation.h; sourceTree = "<group>"; };
		562C01DD167F8BCA00706EE3 /* AFPropertyListRequestOperation.m */ = {isa = PBXFileReference; fileEncoding = 4; lastKnownFileType = sourcecode.c.objc; path = AFPropertyListRequestOperation.m; sourceTree = "<group>"; };
		562C01DE167F8BCA00706EE3 /* AFURLConnectionOperation.h */ = {isa = PBXFileReference; fileEncoding = 4; lastKnownFileType = sourcecode.c.h; path = AFURLConnectionOperation.h; sourceTree = "<group>"; };
		562C01DF167F8BCA00706EE3 /* AFURLConnectionOperation.m */ = {isa = PBXFileReference; fileEncoding = 4; lastKnownFileType = sourcecode.c.objc; path = AFURLConnectionOperation.m; sourceTree = "<group>"; };
		562C01E0167F8BCA00706EE3 /* AFXMLRequestOperation.h */ = {isa = PBXFileReference; fileEncoding = 4; lastKnownFileType = sourcecode.c.h; path = AFXMLRequestOperation.h; sourceTree = "<group>"; };
		562C01E1167F8BCA00706EE3 /* AFXMLRequestOperation.m */ = {isa = PBXFileReference; fileEncoding = 4; lastKnownFileType = sourcecode.c.objc; path = AFXMLRequestOperation.m; sourceTree = "<group>"; };
		562C01E2167F8BCA00706EE3 /* UIImageView+AFNetworking.h */ = {isa = PBXFileReference; fileEncoding = 4; lastKnownFileType = sourcecode.c.h; path = "UIImageView+AFNetworking.h"; sourceTree = "<group>"; };
		562C01E3167F8BCA00706EE3 /* UIImageView+AFNetworking.m */ = {isa = PBXFileReference; fileEncoding = 4; lastKnownFileType = sourcecode.c.objc; path = "UIImageView+AFNetworking.m"; sourceTree = "<group>"; };
		563A4AAD1684EC3F004B0DE6 /* PPrYvApiClient.h */ = {isa = PBXFileReference; fileEncoding = 4; lastKnownFileType = sourcecode.c.h; path = PPrYvApiClient.h; sourceTree = "<group>"; };
		563A4AAE1684EC3F004B0DE6 /* PPrYvApiClient.m */ = {isa = PBXFileReference; fileEncoding = 4; lastKnownFileType = sourcecode.c.objc; path = PPrYvApiClient.m; sourceTree = "<group>"; };
		5655188B167E7463006FE2A2 /* MobileCoreServices.framework */ = {isa = PBXFileReference; lastKnownFileType = wrapper.framework; name = MobileCoreServices.framework; path = System/Library/Frameworks/MobileCoreServices.framework; sourceTree = SDKROOT; };
		5661E075168F042000687046 /* User.h */ = {isa = PBXFileReference; fileEncoding = 4; lastKnownFileType = sourcecode.c.h; path = User.h; sourceTree = "<group>"; };
		5661E076168F042000687046 /* User.m */ = {isa = PBXFileReference; fileEncoding = 4; lastKnownFileType = sourcecode.c.objc; path = User.m; sourceTree = "<group>"; };
		568242E41670AAD90032489E /* AT PrYv.app */ = {isa = PBXFileReference; explicitFileType = wrapper.application; includeInIndex = 0; path = "AT PrYv.app"; sourceTree = BUILT_PRODUCTS_DIR; };
		568242E81670AAD90032489E /* UIKit.framework */ = {isa = PBXFileReference; lastKnownFileType = wrapper.framework; name = UIKit.framework; path = System/Library/Frameworks/UIKit.framework; sourceTree = SDKROOT; };
		568242EA1670AAD90032489E /* Foundation.framework */ = {isa = PBXFileReference; lastKnownFileType = wrapper.framework; name = Foundation.framework; path = System/Library/Frameworks/Foundation.framework; sourceTree = SDKROOT; };
		568242EC1670AAD90032489E /* CoreGraphics.framework */ = {isa = PBXFileReference; lastKnownFileType = wrapper.framework; name = CoreGraphics.framework; path = System/Library/Frameworks/CoreGraphics.framework; sourceTree = SDKROOT; };
		568242EE1670AAD90032489E /* CoreData.framework */ = {isa = PBXFileReference; lastKnownFileType = wrapper.framework; name = CoreData.framework; path = System/Library/Frameworks/CoreData.framework; sourceTree = SDKROOT; };
		568242F21670AAD90032489E /* AT PrYv-Info.plist */ = {isa = PBXFileReference; lastKnownFileType = text.plist.xml; path = "AT PrYv-Info.plist"; sourceTree = "<group>"; };
		568242F41670AAD90032489E /* en */ = {isa = PBXFileReference; lastKnownFileType = text.plist.strings; name = en; path = en.lproj/InfoPlist.strings; sourceTree = "<group>"; };
		568242F81670AAD90032489E /* AT PrYv-Prefix.pch */ = {isa = PBXFileReference; lastKnownFileType = sourcecode.c.h; lineEnding = 0; path = "AT PrYv-Prefix.pch"; sourceTree = "<group>"; xcLanguageSpecificationIdentifier = xcode.lang.objc; };
		568242FC1670AAD90032489E /* Default.png */ = {isa = PBXFileReference; lastKnownFileType = image.png; path = Default.png; sourceTree = "<group>"; };
		568242FE1670AAD90032489E /* Default@2x.png */ = {isa = PBXFileReference; lastKnownFileType = image.png; path = "Default@2x.png"; sourceTree = "<group>"; };
		568243001670AAD90032489E /* Default-568h@2x.png */ = {isa = PBXFileReference; lastKnownFileType = image.png; path = "Default-568h@2x.png"; sourceTree = "<group>"; };
		568243031670AAD90032489E /* ATPrYv.xcdatamodel */ = {isa = PBXFileReference; lastKnownFileType = wrapper.xcdatamodel; path = ATPrYv.xcdatamodel; sourceTree = "<group>"; };
		568243121670B1200032489E /* CoreLocation.framework */ = {isa = PBXFileReference; lastKnownFileType = wrapper.framework; name = CoreLocation.framework; path = System/Library/Frameworks/CoreLocation.framework; sourceTree = SDKROOT; };
		568243141670B2490032489E /* PPrYvMapViewController.h */ = {isa = PBXFileReference; fileEncoding = 4; lastKnownFileType = sourcecode.c.h; lineEnding = 0; path = PPrYvMapViewController.h; sourceTree = "<group>"; xcLanguageSpecificationIdentifier = xcode.lang.objcpp; };
		568243151670B2490032489E /* PPrYvMapViewController.m */ = {isa = PBXFileReference; fileEncoding = 4; lastKnownFileType = sourcecode.c.objc; lineEnding = 0; path = PPrYvMapViewController.m; sourceTree = "<group>"; xcLanguageSpecificationIdentifier = xcode.lang.objc; };
		568243161670B2490032489E /* PPrYvMapViewController~ipad.xib */ = {isa = PBXFileReference; fileEncoding = 4; lastKnownFileType = file.xib; path = "PPrYvMapViewController~ipad.xib"; sourceTree = "<group>"; };
		568243191670B2840032489E /* PPrYvMapViewController~iphone.xib */ = {isa = PBXFileReference; fileEncoding = 4; lastKnownFileType = file.xib; path = "PPrYvMapViewController~iphone.xib"; sourceTree = "<group>"; };
		568243221670C8880032489E /* en */ = {isa = PBXFileReference; lastKnownFileType = text.plist.strings; lineEnding = 0; name = en; path = en.lproj/Localizable.strings; sourceTree = "<group>"; xcLanguageSpecificationIdentifier = xcode.lang.simpleColoring; };
		568243241670C8D20032489E /* fr */ = {isa = PBXFileReference; lastKnownFileType = text.plist.strings; lineEnding = 0; name = fr; path = fr.lproj/Localizable.strings; sourceTree = "<group>"; xcLanguageSpecificationIdentifier = xcode.lang.simpleColoring; };
		568243251670C8D20032489E /* fr */ = {isa = PBXFileReference; lastKnownFileType = text.plist.strings; name = fr; path = fr.lproj/InfoPlist.strings; sourceTree = "<group>"; };
		568243331670DAD40032489E /* MapKit.framework */ = {isa = PBXFileReference; lastKnownFileType = wrapper.framework; name = MapKit.framework; path = System/Library/Frameworks/MapKit.framework; sourceTree = SDKROOT; };
		5682434A1670FAAF0032489E /* SystemConfiguration.framework */ = {isa = PBXFileReference; lastKnownFileType = wrapper.framework; name = SystemConfiguration.framework; path = System/Library/Frameworks/SystemConfiguration.framework; sourceTree = SDKROOT; };
		56B1651316B132D700C0530D /* mapPoint.png */ = {isa = PBXFileReference; lastKnownFileType = image.png; path = mapPoint.png; sourceTree = "<group>"; };
		56B1651416B132D700C0530D /* mapPoint@2x.png */ = {isa = PBXFileReference; lastKnownFileType = image.png; path = "mapPoint@2x.png"; sourceTree = "<group>"; };
		56B1652416B1809000C0530D /* PPrYvPointAnnotation.h */ = {isa = PBXFileReference; fileEncoding = 4; lastKnownFileType = sourcecode.c.h; path = PPrYvPointAnnotation.h; sourceTree = "<group>"; };
		56B1652516B1809000C0530D /* PPrYvPointAnnotation.m */ = {isa = PBXFileReference; fileEncoding = 4; lastKnownFileType = sourcecode.c.objc; path = PPrYvPointAnnotation.m; sourceTree = "<group>"; };
		56B4813D1694DD1C006529EB /* PPrYvAppDelegate.h */ = {isa = PBXFileReference; fileEncoding = 4; lastKnownFileType = sourcecode.c.h; path = PPrYvAppDelegate.h; sourceTree = "<group>"; };
		56B4813E1694DD3E006529EB /* PPrYvAppDelegate.m */ = {isa = PBXFileReference; fileEncoding = 4; lastKnownFileType = sourcecode.c.objc; path = PPrYvAppDelegate.m; sourceTree = "<group>"; };
		56B481401694F56D006529EB /* main.m */ = {isa = PBXFileReference; fileEncoding = 4; lastKnownFileType = sourcecode.c.objc; path = main.m; sourceTree = "<group>"; };
		56F6654F1679D46C00E85921 /* PPrYvOpenUDID.m */ = {isa = PBXFileReference; fileEncoding = 4; lastKnownFileType = sourcecode.c.objc; path = PPrYvOpenUDID.m; sourceTree = "<group>"; };
		56F66556167A32B400E85921 /* PPrYvOpenUDID.h */ = {isa = PBXFileReference; fileEncoding = 4; lastKnownFileType = sourcecode.c.h; path = PPrYvOpenUDID.h; sourceTree = "<group>"; };
		56F66557167A45C900E85921 /* de */ = {isa = PBXFileReference; lastKnownFileType = text.plist.strings; lineEnding = 0; name = de; path = de.lproj/Localizable.strings; sourceTree = "<group>"; xcLanguageSpecificationIdentifier = xcode.lang.simpleColoring; };
		56F66558167A45C900E85921 /* de */ = {isa = PBXFileReference; lastKnownFileType = text.plist.strings; name = de; path = de.lproj/InfoPlist.strings; sourceTree = "<group>"; };
		56F66559167A464100E85921 /* PPrYvSettingViewController.h */ = {isa = PBXFileReference; fileEncoding = 4; lastKnownFileType = sourcecode.c.h; lineEnding = 0; path = PPrYvSettingViewController.h; sourceTree = "<group>"; xcLanguageSpecificationIdentifier = xcode.lang.objcpp; };
		56F6655A167A464100E85921 /* PPrYvSettingViewController.m */ = {isa = PBXFileReference; fileEncoding = 4; lastKnownFileType = sourcecode.c.objc; lineEnding = 0; path = PPrYvSettingViewController.m; sourceTree = "<group>"; xcLanguageSpecificationIdentifier = xcode.lang.objc; };
		56F6655B167A464100E85921 /* PPrYvSettingViewController~ipad.xib */ = {isa = PBXFileReference; fileEncoding = 4; lastKnownFileType = file.xib; path = "PPrYvSettingViewController~ipad.xib"; sourceTree = "<group>"; };
		56F6655E167A467F00E85921 /* PPrYvSettingViewController~iphone.xib */ = {isa = PBXFileReference; fileEncoding = 4; lastKnownFileType = file.xib; path = "PPrYvSettingViewController~iphone.xib"; sourceTree = "<group>"; };
		56F66560167B1F2F00E85921 /* AssetsLibrary.framework */ = {isa = PBXFileReference; lastKnownFileType = wrapper.framework; name = AssetsLibrary.framework; path = System/Library/Frameworks/AssetsLibrary.framework; sourceTree = SDKROOT; };
		56F66569167B223F00E85921 /* QuartzCore.framework */ = {isa = PBXFileReference; lastKnownFileType = wrapper.framework; name = QuartzCore.framework; path = System/Library/Frameworks/QuartzCore.framework; sourceTree = SDKROOT; };
		56FEF97016B2A858008A5948 /* pinPryv.png */ = {isa = PBXFileReference; lastKnownFileType = image.png; path = pinPryv.png; sourceTree = "<group>"; };
		56FEF97216B2A85D008A5948 /* pinPryv@2x.png */ = {isa = PBXFileReference; lastKnownFileType = image.png; path = "pinPryv@2x.png"; sourceTree = "<group>"; };
		56FEF97816B2D651008A5948 /* UIView+Helpers.h */ = {isa = PBXFileReference; fileEncoding = 4; lastKnownFileType = sourcecode.c.h; path = "UIView+Helpers.h"; sourceTree = "<group>"; };
		56FEF97916B2D651008A5948 /* UIView+Helpers.m */ = {isa = PBXFileReference; fileEncoding = 4; lastKnownFileType = sourcecode.c.objc; path = "UIView+Helpers.m"; sourceTree = "<group>"; };
		B0BC906476D7AE6665E844DB /* Constants.h */ = {isa = PBXFileReference; fileEncoding = 4; lastKnownFileType = sourcecode.c.h; path = Constants.h; sourceTree = "<group>"; };
		B0BC90B3350DCFDA7A78E71D /* PPrYvPositionEventSender.m */ = {isa = PBXFileReference; fileEncoding = 4; lastKnownFileType = sourcecode.c.objc; path = PPrYvPositionEventSender.m; sourceTree = "<group>"; };
		B0BC92A5B43C7E7696A35103 /* User+Extras.h */ = {isa = PBXFileReference; fileEncoding = 4; lastKnownFileType = sourcecode.c.h; path = "User+Extras.h"; sourceTree = "<group>"; };
		B0BC92B64FF7716BCD041ABA /* User+Extras.m */ = {isa = PBXFileReference; fileEncoding = 4; lastKnownFileType = sourcecode.c.objc; path = "User+Extras.m"; sourceTree = "<group>"; };
		B0BC936CE6C540811B75FDC9 /* PPrYvCoreDataManager.h */ = {isa = PBXFileReference; fileEncoding = 4; lastKnownFileType = sourcecode.c.h; path = PPrYvCoreDataManager.h; sourceTree = "<group>"; };
		B0BC95625607BFC8A4B92595 /* Folder.h */ = {isa = PBXFileReference; fileEncoding = 4; lastKnownFileType = sourcecode.c.h; path = Folder.h; sourceTree = "<group>"; };
		B0BC9658EA8BCF1AFA48E480 /* Folder.m */ = {isa = PBXFileReference; fileEncoding = 4; lastKnownFileType = sourcecode.c.objc; path = Folder.m; sourceTree = "<group>"; };
		B0BC98051DFCC4C483C0AF9C /* EventAttachment.m */ = {isa = PBXFileReference; fileEncoding = 4; lastKnownFileType = sourcecode.c.objc; path = EventAttachment.m; sourceTree = "<group>"; };
		B0BC99D3D5E7BAFA04138629 /* PositionEvent+Extras.m */ = {isa = PBXFileReference; fileEncoding = 4; lastKnownFileType = sourcecode.c.objc; path = "PositionEvent+Extras.m"; sourceTree = "<group>"; };
		B0BC9B278EEDF1A027FDC382 /* PositionEvent+Extras.h */ = {isa = PBXFileReference; fileEncoding = 4; lastKnownFileType = sourcecode.c.h; path = "PositionEvent+Extras.h"; sourceTree = "<group>"; };
		B0BC9EFF2D2FC7B9083F96DE /* PPrYvCoreDataManager.m */ = {isa = PBXFileReference; fileEncoding = 4; lastKnownFileType = sourcecode.c.objc; path = PPrYvCoreDataManager.m; sourceTree = "<group>"; };
		B0BC9F283A9CB84786EB2CA4 /* PPrYvPositionEventSender.h */ = {isa = PBXFileReference; fileEncoding = 4; lastKnownFileType = sourcecode.c.h; path = PPrYvPositionEventSender.h; sourceTree = "<group>"; };
		B0BC9F73CA4AA4115EB1180F /* EventAttachment.h */ = {isa = PBXFileReference; fileEncoding = 4; lastKnownFileType = sourcecode.c.h; path = EventAttachment.h; sourceTree = "<group>"; };
		FB2BC95B169E3A1D007649F5 /* PositionEvent.h */ = {isa = PBXFileReference; fileEncoding = 4; lastKnownFileType = sourcecode.c.h; path = PositionEvent.h; sourceTree = "<group>"; };
		FB2BC95C169E3A1D007649F5 /* PositionEvent.m */ = {isa = PBXFileReference; fileEncoding = 4; lastKnownFileType = sourcecode.c.objc; path = PositionEvent.m; sourceTree = "<group>"; };
		FB5F77BD169AE2DE00585D11 /* PPrYvLocationManager.h */ = {isa = PBXFileReference; fileEncoding = 4; lastKnownFileType = sourcecode.c.h; path = PPrYvLocationManager.h; sourceTree = "<group>"; };
		FB5F77BE169AE2DE00585D11 /* PPrYvLocationManager.m */ = {isa = PBXFileReference; fileEncoding = 4; lastKnownFileType = sourcecode.c.objc; path = PPrYvLocationManager.m; sourceTree = "<group>"; };
		FB6D93CC16EE2353008F4D35 /* PPrYvWebLoginViewController.h */ = {isa = PBXFileReference; fileEncoding = 4; lastKnownFileType = sourcecode.c.h; path = PPrYvWebLoginViewController.h; sourceTree = "<group>"; };
		FB6D93CD16EE2353008F4D35 /* PPrYvWebLoginViewController.m */ = {isa = PBXFileReference; fileEncoding = 4; lastKnownFileType = sourcecode.c.objc; path = PPrYvWebLoginViewController.m; sourceTree = "<group>"; };
		FB6D93CE16EE2353008F4D35 /* PPrYvWebLoginViewController~iphone.xib */ = {isa = PBXFileReference; fileEncoding = 4; lastKnownFileType = file.xib; path = "PPrYvWebLoginViewController~iphone.xib"; sourceTree = "<group>"; };
		FB6D93D116EF5D1B008F4D35 /* PPrYvWebLoginViewController~ipad.xib */ = {isa = PBXFileReference; fileEncoding = 4; lastKnownFileType = file.xib; path = "PPrYvWebLoginViewController~ipad.xib"; sourceTree = "<group>"; };
/* End PBXFileReference section */

/* Begin PBXFrameworksBuildPhase section */
		568242E11670AAD90032489E /* Frameworks */ = {
			isa = PBXFrameworksBuildPhase;
			buildActionMask = 2147483647;
			files = (
				5655188C167E7463006FE2A2 /* MobileCoreServices.framework in Frameworks */,
				56F6656A167B223F00E85921 /* QuartzCore.framework in Frameworks */,
				56F66561167B1F3000E85921 /* AssetsLibrary.framework in Frameworks */,
				5682434B1670FAB00032489E /* SystemConfiguration.framework in Frameworks */,
				568243341670DAD40032489E /* MapKit.framework in Frameworks */,
				568243131670B1200032489E /* CoreLocation.framework in Frameworks */,
				568242E91670AAD90032489E /* UIKit.framework in Frameworks */,
				568242EB1670AAD90032489E /* Foundation.framework in Frameworks */,
				568242ED1670AAD90032489E /* CoreGraphics.framework in Frameworks */,
				568242EF1670AAD90032489E /* CoreData.framework in Frameworks */,
			);
			runOnlyForDeploymentPostprocessing = 0;
		};
/* End PBXFrameworksBuildPhase section */

/* Begin PBXGroup section */
		562C01D0167F8BCA00706EE3 /* AFNetworking */ = {
			isa = PBXGroup;
			children = (
				562C01D1167F8BCA00706EE3 /* AFHTTPClient.h */,
				562C01D2167F8BCA00706EE3 /* AFHTTPClient.m */,
				562C01D3167F8BCA00706EE3 /* AFHTTPRequestOperation.h */,
				562C01D4167F8BCA00706EE3 /* AFHTTPRequestOperation.m */,
				562C01D5167F8BCA00706EE3 /* AFImageRequestOperation.h */,
				562C01D6167F8BCA00706EE3 /* AFImageRequestOperation.m */,
				562C01D7167F8BCA00706EE3 /* AFJSONRequestOperation.h */,
				562C01D8167F8BCA00706EE3 /* AFJSONRequestOperation.m */,
				562C01D9167F8BCA00706EE3 /* AFNetworkActivityIndicatorManager.h */,
				562C01DA167F8BCA00706EE3 /* AFNetworkActivityIndicatorManager.m */,
				562C01DB167F8BCA00706EE3 /* AFNetworking.h */,
				562C01DC167F8BCA00706EE3 /* AFPropertyListRequestOperation.h */,
				562C01DD167F8BCA00706EE3 /* AFPropertyListRequestOperation.m */,
				562C01DE167F8BCA00706EE3 /* AFURLConnectionOperation.h */,
				562C01DF167F8BCA00706EE3 /* AFURLConnectionOperation.m */,
				562C01E0167F8BCA00706EE3 /* AFXMLRequestOperation.h */,
				562C01E1167F8BCA00706EE3 /* AFXMLRequestOperation.m */,
				562C01E2167F8BCA00706EE3 /* UIImageView+AFNetworking.h */,
				562C01E3167F8BCA00706EE3 /* UIImageView+AFNetworking.m */,
				568242E51670AAD90032489E /* Products */,
			);
			path = AFNetworking;
			sourceTree = "<group>";
		};
		5655187F167B67A6006FE2A2 /* Vendor */ = {
			isa = PBXGroup;
			children = (
				562C01D0167F8BCA00706EE3 /* AFNetworking */,
			);
			name = Vendor;
			sourceTree = "<group>";
		};
		56551880167B67C0006FE2A2 /* Application */ = {
			isa = PBXGroup;
			children = (
				568242F11670AAD90032489E /* Supporting Files */,
				56B4813D1694DD1C006529EB /* PPrYvAppDelegate.h */,
				56B4813E1694DD3E006529EB /* PPrYvAppDelegate.m */,
				B0BC906476D7AE6665E844DB /* Constants.h */,
				B0BC936CE6C540811B75FDC9 /* PPrYvCoreDataManager.h */,
				B0BC9EFF2D2FC7B9083F96DE /* PPrYvCoreDataManager.m */,
				FB5F77BD169AE2DE00585D11 /* PPrYvLocationManager.h */,
				FB5F77BE169AE2DE00585D11 /* PPrYvLocationManager.m */,
				B0BC90B3350DCFDA7A78E71D /* PPrYvPositionEventSender.m */,
				B0BC9F283A9CB84786EB2CA4 /* PPrYvPositionEventSender.h */,
			);
			name = Application;
			sourceTree = "<group>";
		};
		56551881167B6800006FE2A2 /* Controller */ = {
			isa = PBXGroup;
			children = (
				568243141670B2490032489E /* PPrYvMapViewController.h */,
				568243151670B2490032489E /* PPrYvMapViewController.m */,
				56F66559167A464100E85921 /* PPrYvSettingViewController.h */,
				56F6655A167A464100E85921 /* PPrYvSettingViewController.m */,
				FB6D93CC16EE2353008F4D35 /* PPrYvWebLoginViewController.h */,
				FB6D93CD16EE2353008F4D35 /* PPrYvWebLoginViewController.m */,
			);
			name = Controller;
			sourceTree = "<group>";
		};
		56551882167B6861006FE2A2 /* Ressources */ = {
			isa = PBXGroup;
			children = (
				568243231670C8880032489E /* Localizable.strings */,
				568243321670C99D0032489E /* images */,
				568243111670AE450032489E /* xibs */,
			);
			name = Ressources;
			sourceTree = "<group>";
		};
		565697621675F6F600A49B18 /* Common */ = {
			isa = PBXGroup;
			children = (
				56FEF97816B2D651008A5948 /* UIView+Helpers.h */,
				56FEF97916B2D651008A5948 /* UIView+Helpers.m */,
				56F66556167A32B400E85921 /* PPrYvOpenUDID.h */,
				56F6654F1679D46C00E85921 /* PPrYvOpenUDID.m */,
				563A4AAD1684EC3F004B0DE6 /* PPrYvApiClient.h */,
				563A4AAE1684EC3F004B0DE6 /* PPrYvApiClient.m */,
				56B1652416B1809000C0530D /* PPrYvPointAnnotation.h */,
				56B1652516B1809000C0530D /* PPrYvPointAnnotation.m */,
			);
			name = Common;
			sourceTree = "<group>";
		};
		568242D91670AAD90032489E = {
			isa = PBXGroup;
			children = (
				568242F01670AAD90032489E /* AT PrYv */,
				568242E71670AAD90032489E /* Frameworks */,
			);
			indentWidth = 4;
			sourceTree = "<group>";
			tabWidth = 4;
		};
		568242E51670AAD90032489E /* Products */ = {
			isa = PBXGroup;
			children = (
				568242E41670AAD90032489E /* AT PrYv.app */,
			);
			name = Products;
			sourceTree = "<group>";
		};
		568242E71670AAD90032489E /* Frameworks */ = {
			isa = PBXGroup;
			children = (
				5655188B167E7463006FE2A2 /* MobileCoreServices.framework */,
				56F66569167B223F00E85921 /* QuartzCore.framework */,
				56F66560167B1F2F00E85921 /* AssetsLibrary.framework */,
				5682434A1670FAAF0032489E /* SystemConfiguration.framework */,
				568243331670DAD40032489E /* MapKit.framework */,
				568243121670B1200032489E /* CoreLocation.framework */,
				568242E81670AAD90032489E /* UIKit.framework */,
				568242EA1670AAD90032489E /* Foundation.framework */,
				568242EC1670AAD90032489E /* CoreGraphics.framework */,
				568242EE1670AAD90032489E /* CoreData.framework */,
			);
			name = Frameworks;
			sourceTree = "<group>";
		};
		568242F01670AAD90032489E /* AT PrYv */ = {
			isa = PBXGroup;
			children = (
				56551880167B67C0006FE2A2 /* Application */,
				565697621675F6F600A49B18 /* Common */,
				56551881167B6800006FE2A2 /* Controller */,
				568243381670DE080032489E /* Model */,
				56551882167B6861006FE2A2 /* Ressources */,
				5655187F167B67A6006FE2A2 /* Vendor */,
			);
			name = "AT PrYv";
			path = GeoPrYv;
			sourceTree = "<group>";
		};
		568242F11670AAD90032489E /* Supporting Files */ = {
			isa = PBXGroup;
			children = (
				568242F21670AAD90032489E /* AT PrYv-Info.plist */,
				568242F31670AAD90032489E /* InfoPlist.strings */,
				56B481401694F56D006529EB /* main.m */,
				568242F81670AAD90032489E /* AT PrYv-Prefix.pch */,
				568242FC1670AAD90032489E /* Default.png */,
				568242FE1670AAD90032489E /* Default@2x.png */,
				568243001670AAD90032489E /* Default-568h@2x.png */,
			);
			name = "Supporting Files";
			sourceTree = "<group>";
		};
		568243111670AE450032489E /* xibs */ = {
			isa = PBXGroup;
			children = (
				56F6655B167A464100E85921 /* PPrYvSettingViewController~ipad.xib */,
				56F6655E167A467F00E85921 /* PPrYvSettingViewController~iphone.xib */,
				568243161670B2490032489E /* PPrYvMapViewController~ipad.xib */,
				568243191670B2840032489E /* PPrYvMapViewController~iphone.xib */,
				FB6D93D116EF5D1B008F4D35 /* PPrYvWebLoginViewController~ipad.xib */,
				FB6D93CE16EE2353008F4D35 /* PPrYvWebLoginViewController~iphone.xib */,
			);
			name = xibs;
			sourceTree = "<group>";
		};
		568243321670C99D0032489E /* images */ = {
			isa = PBXGroup;
			children = (
				56FEF97016B2A858008A5948 /* pinPryv.png */,
				56FEF97216B2A85D008A5948 /* pinPryv@2x.png */,
				56B1651316B132D700C0530D /* mapPoint.png */,
				56B1651416B132D700C0530D /* mapPoint@2x.png */,
			);
			name = images;
			sourceTree = "<group>";
		};
		568243381670DE080032489E /* Model */ = {
			isa = PBXGroup;
			children = (
				568243021670AAD90032489E /* ATPrYv.xcdatamodeld */,
				FB2BC95B169E3A1D007649F5 /* PositionEvent.h */,
				FB2BC95C169E3A1D007649F5 /* PositionEvent.m */,
				5661E075168F042000687046 /* User.h */,
				5661E076168F042000687046 /* User.m */,
				B0BC9B278EEDF1A027FDC382 /* PositionEvent+Extras.h */,
				B0BC99D3D5E7BAFA04138629 /* PositionEvent+Extras.m */,
				B0BC92A5B43C7E7696A35103 /* User+Extras.h */,
				B0BC92B64FF7716BCD041ABA /* User+Extras.m */,
				B0BC95625607BFC8A4B92595 /* Folder.h */,
				B0BC9658EA8BCF1AFA48E480 /* Folder.m */,
				B0BC9F73CA4AA4115EB1180F /* EventAttachment.h */,
				B0BC98051DFCC4C483C0AF9C /* EventAttachment.m */,
			);
			name = Model;
			sourceTree = "<group>";
		};
/* End PBXGroup section */

/* Begin PBXNativeTarget section */
		568242E31670AAD90032489E /* AT PrYv */ = {
			isa = PBXNativeTarget;
			buildConfigurationList = 568243071670AAD90032489E /* Build configuration list for PBXNativeTarget "AT PrYv" */;
			buildPhases = (
				568242E01670AAD90032489E /* Sources */,
				568242E11670AAD90032489E /* Frameworks */,
				568242E21670AAD90032489E /* Resources */,
			);
			buildRules = (
			);
			dependencies = (
			);
			name = "AT PrYv";
			productName = GeoPrYv;
			productReference = 568242E41670AAD90032489E /* AT PrYv.app */;
			productType = "com.apple.product-type.application";
		};
/* End PBXNativeTarget section */

/* Begin PBXProject section */
		568242DB1670AAD90032489E /* Project object */ = {
			isa = PBXProject;
			attributes = {
				CLASSPREFIX = PPrYv;
				LastUpgradeCheck = 0450;
				ORGANIZATIONNAME = PrYv;
			};
			buildConfigurationList = 568242DE1670AAD90032489E /* Build configuration list for PBXProject "AT PrYv" */;
			compatibilityVersion = "Xcode 3.2";
			developmentRegion = English;
			hasScannedForEncodings = 0;
			knownRegions = (
				en,
				fr,
				de,
			);
			mainGroup = 568242D91670AAD90032489E;
			productRefGroup = 568242E51670AAD90032489E /* Products */;
			projectDirPath = "";
			projectRoot = "";
			targets = (
				568242E31670AAD90032489E /* AT PrYv */,
			);
		};
/* End PBXProject section */

/* Begin PBXResourcesBuildPhase section */
		568242E21670AAD90032489E /* Resources */ = {
			isa = PBXResourcesBuildPhase;
			buildActionMask = 2147483647;
			files = (
				568242F51670AAD90032489E /* InfoPlist.strings in Resources */,
				568242FD1670AAD90032489E /* Default.png in Resources */,
				568242FF1670AAD90032489E /* Default@2x.png in Resources */,
				568243011670AAD90032489E /* Default-568h@2x.png in Resources */,
				568243181670B2490032489E /* PPrYvMapViewController~ipad.xib in Resources */,
				5682431A1670B2840032489E /* PPrYvMapViewController~iphone.xib in Resources */,
				568243211670C8880032489E /* Localizable.strings in Resources */,
				56F6655D167A464100E85921 /* PPrYvSettingViewController~ipad.xib in Resources */,
				56F6655F167A467F00E85921 /* PPrYvSettingViewController~iphone.xib in Resources */,
				56B1651516B132D700C0530D /* mapPoint.png in Resources */,
				56B1651616B132D700C0530D /* mapPoint@2x.png in Resources */,
				56FEF97116B2A858008A5948 /* pinPryv.png in Resources */,
				56FEF97316B2A85D008A5948 /* pinPryv@2x.png in Resources */,
				FB6D93D016EE2353008F4D35 /* PPrYvWebLoginViewController~iphone.xib in Resources */,
				FB6D93D216EF5D1B008F4D35 /* PPrYvWebLoginViewController~ipad.xib in Resources */,
			);
			runOnlyForDeploymentPostprocessing = 0;
		};
/* End PBXResourcesBuildPhase section */

/* Begin PBXSourcesBuildPhase section */
		568242E01670AAD90032489E /* Sources */ = {
			isa = PBXSourcesBuildPhase;
			buildActionMask = 2147483647;
			files = (
				568243041670AAD90032489E /* ATPrYv.xcdatamodeld in Sources */,
				568243171670B2490032489E /* PPrYvMapViewController.m in Sources */,
				56F665501679D46C00E85921 /* PPrYvOpenUDID.m in Sources */,
				56F6655C167A464100E85921 /* PPrYvSettingViewController.m in Sources */,
				562C01E4167F8BCA00706EE3 /* AFHTTPClient.m in Sources */,
				562C01E5167F8BCA00706EE3 /* AFHTTPRequestOperation.m in Sources */,
				562C01E6167F8BCA00706EE3 /* AFImageRequestOperation.m in Sources */,
				562C01E7167F8BCA00706EE3 /* AFJSONRequestOperation.m in Sources */,
				562C01E8167F8BCA00706EE3 /* AFNetworkActivityIndicatorManager.m in Sources */,
				562C01E9167F8BCA00706EE3 /* AFPropertyListRequestOperation.m in Sources */,
				562C01EA167F8BCA00706EE3 /* AFURLConnectionOperation.m in Sources */,
				562C01EB167F8BCA00706EE3 /* AFXMLRequestOperation.m in Sources */,
				562C01EC167F8BCA00706EE3 /* UIImageView+AFNetworking.m in Sources */,
				563A4AAF1684EC3F004B0DE6 /* PPrYvApiClient.m in Sources */,
				5661E077168F042000687046 /* User.m in Sources */,
				56B4813F1694DD3E006529EB /* PPrYvAppDelegate.m in Sources */,
				56B481411694F56D006529EB /* main.m in Sources */,
				B0BC9F98C453AD2A9CE910CC /* PositionEvent+Extras.m in Sources */,
				B0BC9A3D4A42964FA67D3509 /* User+Extras.m in Sources */,
				B0BC944E83AD3B9686C8D0E6 /* PPrYvCoreDataManager.m in Sources */,
				FB5F77BF169AE2DE00585D11 /* PPrYvLocationManager.m in Sources */,
				B0BC9D46016E06E0A57B0FFB /* PPrYvPositionEventSender.m in Sources */,
				B0BC9FFECB2A58D811E6DD32 /* EventAttachment.m in Sources */,
				B0BC984BAE50FB9689136891 /* Folder.m in Sources */,
				FB2BC95D169E3A1D007649F5 /* PositionEvent.m in Sources */,
				56B1652616B1809000C0530D /* PPrYvPointAnnotation.m in Sources */,
				56FEF97A16B2D651008A5948 /* UIView+Helpers.m in Sources */,
				FB6D93CF16EE2353008F4D35 /* PPrYvWebLoginViewController.m in Sources */,
			);
			runOnlyForDeploymentPostprocessing = 0;
		};
/* End PBXSourcesBuildPhase section */

/* Begin PBXVariantGroup section */
		568242F31670AAD90032489E /* InfoPlist.strings */ = {
			isa = PBXVariantGroup;
			children = (
				568242F41670AAD90032489E /* en */,
				568243251670C8D20032489E /* fr */,
				56F66558167A45C900E85921 /* de */,
			);
			name = InfoPlist.strings;
			sourceTree = "<group>";
		};
		568243231670C8880032489E /* Localizable.strings */ = {
			isa = PBXVariantGroup;
			children = (
				568243221670C8880032489E /* en */,
				568243241670C8D20032489E /* fr */,
				56F66557167A45C900E85921 /* de */,
			);
			name = Localizable.strings;
			sourceTree = "<group>";
		};
/* End PBXVariantGroup section */

/* Begin XCBuildConfiguration section */
		568243051670AAD90032489E /* Debug */ = {
			isa = XCBuildConfiguration;
			buildSettings = {
				ALWAYS_SEARCH_USER_PATHS = NO;
				CLANG_CXX_LANGUAGE_STANDARD = "gnu++0x";
				CLANG_CXX_LIBRARY = "libc++";
				CLANG_ENABLE_OBJC_ARC = YES;
				CLANG_WARN_EMPTY_BODY = YES;
				CLANG_WARN__DUPLICATE_METHOD_MATCH = YES;
				CODE_SIGN_IDENTITY = "iPhone Developer";
				"CODE_SIGN_IDENTITY[sdk=iphoneos*]" = "";
				COPY_PHASE_STRIP = NO;
				GCC_C_LANGUAGE_STANDARD = gnu99;
				GCC_DYNAMIC_NO_PIC = NO;
				GCC_OPTIMIZATION_LEVEL = 0;
				GCC_PREPROCESSOR_DEFINITIONS = (
					"DEBUG=1",
					"$(inherited)",
				);
				GCC_SYMBOLS_PRIVATE_EXTERN = NO;
				GCC_WARN_ABOUT_RETURN_TYPE = YES;
				GCC_WARN_UNINITIALIZED_AUTOS = YES;
				GCC_WARN_UNUSED_VARIABLE = YES;
				IPHONEOS_DEPLOYMENT_TARGET = 5.1;
				ONLY_ACTIVE_ARCH = YES;
				PROVISIONING_PROFILE = "";
				SDKROOT = iphoneos;
				TARGETED_DEVICE_FAMILY = "1,2";
			};
			name = Debug;
		};
		568243061670AAD90032489E /* Release */ = {
			isa = XCBuildConfiguration;
			buildSettings = {
				ALWAYS_SEARCH_USER_PATHS = NO;
				CLANG_CXX_LANGUAGE_STANDARD = "gnu++0x";
				CLANG_CXX_LIBRARY = "libc++";
				CLANG_ENABLE_OBJC_ARC = YES;
				CLANG_WARN_EMPTY_BODY = YES;
				CLANG_WARN__DUPLICATE_METHOD_MATCH = YES;
				CODE_SIGN_IDENTITY = "iPhone Developer";
				"CODE_SIGN_IDENTITY[sdk=iphoneos*]" = "";
				COPY_PHASE_STRIP = YES;
				GCC_C_LANGUAGE_STANDARD = gnu99;
				GCC_WARN_ABOUT_RETURN_TYPE = YES;
				GCC_WARN_UNINITIALIZED_AUTOS = YES;
				GCC_WARN_UNUSED_VARIABLE = YES;
				IPHONEOS_DEPLOYMENT_TARGET = 5.1;
				OTHER_CFLAGS = "-DNS_BLOCK_ASSERTIONS=1";
				PROVISIONING_PROFILE = "";
				SDKROOT = iphoneos;
				TARGETED_DEVICE_FAMILY = "1,2";
				VALIDATE_PRODUCT = YES;
			};
			name = Release;
		};
		568243081670AAD90032489E /* Debug */ = {
			isa = XCBuildConfiguration;
			buildSettings = {
				CODE_SIGN_IDENTITY = "iPhone Developer";
				GCC_PRECOMPILE_PREFIX_HEADER = YES;
				GCC_PREFIX_HEADER = "GeoPrYv/AT PrYv-Prefix.pch";
				INFOPLIST_FILE = "GeoPrYv/AT PrYv-Info.plist";
				IPHONEOS_DEPLOYMENT_TARGET = 5.1;
				PRODUCT_NAME = "AT PrYv";
				PROVISIONING_PROFILE = "";
				WRAPPER_EXTENSION = app;
			};
			name = Debug;
		};
		568243091670AAD90032489E /* Release */ = {
			isa = XCBuildConfiguration;
			buildSettings = {
				CODE_SIGN_IDENTITY = "iPhone Developer";
				GCC_PRECOMPILE_PREFIX_HEADER = YES;
				GCC_PREFIX_HEADER = "GeoPrYv/AT PrYv-Prefix.pch";
				INFOPLIST_FILE = "GeoPrYv/AT PrYv-Info.plist";
				IPHONEOS_DEPLOYMENT_TARGET = 5.1;
				PRODUCT_NAME = "AT PrYv";
				PROVISIONING_PROFILE = "";
				WRAPPER_EXTENSION = app;
			};
			name = Release;
		};
/* End XCBuildConfiguration section */

/* Begin XCConfigurationList section */
		568242DE1670AAD90032489E /* Build configuration list for PBXProject "AT PrYv" */ = {
			isa = XCConfigurationList;
			buildConfigurations = (
				568243051670AAD90032489E /* Debug */,
				568243061670AAD90032489E /* Release */,
			);
			defaultConfigurationIsVisible = 0;
			defaultConfigurationName = Release;
		};
		568243071670AAD90032489E /* Build configuration list for PBXNativeTarget "AT PrYv" */ = {
			isa = XCConfigurationList;
			buildConfigurations = (
				568243081670AAD90032489E /* Debug */,
				568243091670AAD90032489E /* Release */,
			);
			defaultConfigurationIsVisible = 0;
			defaultConfigurationName = Release;
		};
/* End XCConfigurationList section */

/* Begin XCVersionGroup section */
		568243021670AAD90032489E /* ATPrYv.xcdatamodeld */ = {
			isa = XCVersionGroup;
			children = (
				568243031670AAD90032489E /* ATPrYv.xcdatamodel */,
			);
			currentVersion = 568243031670AAD90032489E /* ATPrYv.xcdatamodel */;
			path = ATPrYv.xcdatamodeld;
			sourceTree = "<group>";
			versionGroupType = wrapper.xcdatamodel;
		};
/* End XCVersionGroup section */
	};
	rootObject = 568242DB1670AAD90032489E /* Project object */;
}
